
Microsoft Visual Studio Solution File, Format Version 12.00
# Visual Studio Version 16
VisualStudioVersion = 16.0.30611.23
MinimumVisualStudioVersion = 10.0.40219.1
Project("{FAE04EC0-301F-11D3-BF4B-00C04F79EFBC}") = "MinAMP2020", "MinAMP2020\MinAMP2020.csproj", "{70DAAD77-324C-4786-A02B-615BC1FC8E9D}"
EndProject
Global
	GlobalSection(SolutionConfigurationPlatforms) = preSolution
		Debug|Any CPU = Debug|Any CPU
		Release|Any CPU = Release|Any CPU
	EndGlobalSection
	GlobalSection(ProjectConfigurationPlatforms) = postSolution
		{70DAAD77-324C-4786-A02B-615BC1FC8E9D}.Debug|Any CPU.ActiveCfg = Debug|Any CPU
		{70DAAD77-324C-4786-A02B-615BC1FC8E9D}.Debug|Any CPU.Build.0 = Debug|Any CPU
		{70DAAD77-324C-4786-A02B-615BC1FC8E9D}.Release|Any CPU.ActiveCfg = Release|Any CPU
		{70DAAD77-324C-4786-A02B-615BC1FC8E9D}.Release|Any CPU.Build.0 = Release|Any CPU
	EndGlobalSection
	GlobalSection(SolutionProperties) = preSolution
		HideSolutionNode = FALSE
	EndGlobalSection
	GlobalSection(ExtensibilityGlobals) = postSolution
		SolutionGuid = {37AA0BF4-22F8-4813-AA78-BB859B7B78A2}
	EndGlobalSection
EndGlobal
